
Microsoft Visual Studio Solution File, Format Version 12.00
# Visual Studio Version 17
VisualStudioVersion = 17.5.002.0
MinimumVisualStudioVersion = 10.0.40219.1
Project("{9A19103F-16F7-4668-BE54-9A1E7A4F7556}") = "ChangeCurrency", "ChangeCurrency.csproj", "{A92E8E47-B8C8-413B-B4A6-E2F388CAE779}"
EndProject
Global
	GlobalSection(SolutionConfigurationPlatforms) = preSolution
		Debug|Any CPU = Debug|Any CPU
		Release|Any CPU = Release|Any CPU
	EndGlobalSection
	GlobalSection(ProjectConfigurationPlatforms) = postSolution
		{A92E8E47-B8C8-413B-B4A6-E2F388CAE779}.Debug|Any CPU.ActiveCfg = Debug|Any CPU
		{A92E8E47-B8C8-413B-B4A6-E2F388CAE779}.Debug|Any CPU.Build.0 = Debug|Any CPU
		{A92E8E47-B8C8-413B-B4A6-E2F388CAE779}.Release|Any CPU.ActiveCfg = Release|Any CPU
		{A92E8E47-B8C8-413B-B4A6-E2F388CAE779}.Release|Any CPU.Build.0 = Release|Any CPU
	EndGlobalSection
	GlobalSection(SolutionProperties) = preSolution
		HideSolutionNode = FALSE
	EndGlobalSection
	GlobalSection(ExtensibilityGlobals) = postSolution
		SolutionGuid = {125710B9-D75C-4A3C-816A-890BF5F40276}
	EndGlobalSection
EndGlobal
